// !$*UTF8*$!
{
	archiveVersion = 1;
	classes = {
	};
	objectVersion = 56;
	objects = {

/* Begin PBXBuildFile section */
		A93922232C4C886D00533969 /* Ejercicio04SwiftUIApp.swift in Sources */ = {isa = PBXBuildFile; fileRef = A93922222C4C886D00533969 /* Ejercicio04SwiftUIApp.swift */; };
		A93922272C4C886E00533969 /* Assets.xcassets in Resources */ = {isa = PBXBuildFile; fileRef = A93922262C4C886E00533969 /* Assets.xcassets */; };
		A939222A2C4C886E00533969 /* Preview Assets.xcassets in Resources */ = {isa = PBXBuildFile; fileRef = A93922292C4C886E00533969 /* Preview Assets.xcassets */; };
		A939222C2C4C886E00533969 /* Persistence.swift in Sources */ = {isa = PBXBuildFile; fileRef = A939222B2C4C886E00533969 /* Persistence.swift */; };
		A939222F2C4C886E00533969 /* Ejercicio04SwiftUI.xcdatamodeld in Sources */ = {isa = PBXBuildFile; fileRef = A939222D2C4C886E00533969 /* Ejercicio04SwiftUI.xcdatamodeld */; };
		A93922392C4C886E00533969 /* Ejercicio04SwiftUITests.swift in Sources */ = {isa = PBXBuildFile; fileRef = A93922382C4C886E00533969 /* Ejercicio04SwiftUITests.swift */; };
		A93922432C4C886E00533969 /* Ejercicio04SwiftUIUITests.swift in Sources */ = {isa = PBXBuildFile; fileRef = A93922422C4C886E00533969 /* Ejercicio04SwiftUIUITests.swift */; };
		A93922452C4C886E00533969 /* Ejercicio04SwiftUIUITestsLaunchTests.swift in Sources */ = {isa = PBXBuildFile; fileRef = A93922442C4C886E00533969 /* Ejercicio04SwiftUIUITestsLaunchTests.swift */; };
		A93922552C4C89CA00533969 /* DataManager.swift in Sources */ = {isa = PBXBuildFile; fileRef = A93922542C4C89CA00533969 /* DataManager.swift */; };
		A93922582C4DC06100533969 /* ListView.swift in Sources */ = {isa = PBXBuildFile; fileRef = A93922572C4DC06100533969 /* ListView.swift */; };
		A939225C2C4DCBD400533969 /* FormView.swift in Sources */ = {isa = PBXBuildFile; fileRef = A939225B2C4DCBD400533969 /* FormView.swift */; };
		A939225E2C4DDE6500533969 /* FormViewModel.swift in Sources */ = {isa = PBXBuildFile; fileRef = A939225D2C4DDE6500533969 /* FormViewModel.swift */; };
		A93922602C4E790E00533969 /* ListViewModel.swift in Sources */ = {isa = PBXBuildFile; fileRef = A939225F2C4E790E00533969 /* ListViewModel.swift */; };
		A93922622C4E7DAC00533969 /* DetailView.swift in Sources */ = {isa = PBXBuildFile; fileRef = A93922612C4E7DAC00533969 /* DetailView.swift */; };
/* End PBXBuildFile section */

/* Begin PBXContainerItemProxy section */
		A93922352C4C886E00533969 /* PBXContainerItemProxy */ = {
			isa = PBXContainerItemProxy;
			containerPortal = A93922172C4C886D00533969 /* Project object */;
			proxyType = 1;
			remoteGlobalIDString = A939221E2C4C886D00533969;
			remoteInfo = Ejercicio04SwiftUI;
		};
		A939223F2C4C886E00533969 /* PBXContainerItemProxy */ = {
			isa = PBXContainerItemProxy;
			containerPortal = A93922172C4C886D00533969 /* Project object */;
			proxyType = 1;
			remoteGlobalIDString = A939221E2C4C886D00533969;
			remoteInfo = Ejercicio04SwiftUI;
		};
/* End PBXContainerItemProxy section */

/* Begin PBXFileReference section */
		A939221F2C4C886D00533969 /* Ejercicio04SwiftUI.app */ = {isa = PBXFileReference; explicitFileType = wrapper.application; includeInIndex = 0; path = Ejercicio04SwiftUI.app; sourceTree = BUILT_PRODUCTS_DIR; };
		A93922222C4C886D00533969 /* Ejercicio04SwiftUIApp.swift */ = {isa = PBXFileReference; lastKnownFileType = sourcecode.swift; path = Ejercicio04SwiftUIApp.swift; sourceTree = "<group>"; };
		A93922262C4C886E00533969 /* Assets.xcassets */ = {isa = PBXFileReference; lastKnownFileType = folder.assetcatalog; path = Assets.xcassets; sourceTree = "<group>"; };
		A93922292C4C886E00533969 /* Preview Assets.xcassets */ = {isa = PBXFileReference; lastKnownFileType = folder.assetcatalog; path = "Preview Assets.xcassets"; sourceTree = "<group>"; };
		A939222B2C4C886E00533969 /* Persistence.swift */ = {isa = PBXFileReference; lastKnownFileType = sourcecode.swift; path = Persistence.swift; sourceTree = "<group>"; };
		A939222E2C4C886E00533969 /* Ejercicio04SwiftUI.xcdatamodel */ = {isa = PBXFileReference; lastKnownFileType = wrapper.xcdatamodel; path = Ejercicio04SwiftUI.xcdatamodel; sourceTree = "<group>"; };
		A93922342C4C886E00533969 /* Ejercicio04SwiftUITests.xctest */ = {isa = PBXFileReference; explicitFileType = wrapper.cfbundle; includeInIndex = 0; path = Ejercicio04SwiftUITests.xctest; sourceTree = BUILT_PRODUCTS_DIR; };
		A93922382C4C886E00533969 /* Ejercicio04SwiftUITests.swift */ = {isa = PBXFileReference; lastKnownFileType = sourcecode.swift; path = Ejercicio04SwiftUITests.swift; sourceTree = "<group>"; };
		A939223E2C4C886E00533969 /* Ejercicio04SwiftUIUITests.xctest */ = {isa = PBXFileReference; explicitFileType = wrapper.cfbundle; includeInIndex = 0; path = Ejercicio04SwiftUIUITests.xctest; sourceTree = BUILT_PRODUCTS_DIR; };
		A93922422C4C886E00533969 /* Ejercicio04SwiftUIUITests.swift */ = {isa = PBXFileReference; lastKnownFileType = sourcecode.swift; path = Ejercicio04SwiftUIUITests.swift; sourceTree = "<group>"; };
		A93922442C4C886E00533969 /* Ejercicio04SwiftUIUITestsLaunchTests.swift */ = {isa = PBXFileReference; lastKnownFileType = sourcecode.swift; path = Ejercicio04SwiftUIUITestsLaunchTests.swift; sourceTree = "<group>"; };
		A93922542C4C89CA00533969 /* DataManager.swift */ = {isa = PBXFileReference; lastKnownFileType = sourcecode.swift; path = DataManager.swift; sourceTree = "<group>"; };
		A93922572C4DC06100533969 /* ListView.swift */ = {isa = PBXFileReference; lastKnownFileType = sourcecode.swift; path = ListView.swift; sourceTree = "<group>"; };
		A939225B2C4DCBD400533969 /* FormView.swift */ = {isa = PBXFileReference; lastKnownFileType = sourcecode.swift; path = FormView.swift; sourceTree = "<group>"; };
		A939225D2C4DDE6500533969 /* FormViewModel.swift */ = {isa = PBXFileReference; lastKnownFileType = sourcecode.swift; path = FormViewModel.swift; sourceTree = "<group>"; };
		A939225F2C4E790E00533969 /* ListViewModel.swift */ = {isa = PBXFileReference; lastKnownFileType = sourcecode.swift; path = ListViewModel.swift; sourceTree = "<group>"; };
		A93922612C4E7DAC00533969 /* DetailView.swift */ = {isa = PBXFileReference; lastKnownFileType = sourcecode.swift; path = DetailView.swift; sourceTree = "<group>"; };
/* End PBXFileReference section */

/* Begin PBXFrameworksBuildPhase section */
		A939221C2C4C886D00533969 /* Frameworks */ = {
			isa = PBXFrameworksBuildPhase;
			buildActionMask = 2147483647;
			files = (
			);
			runOnlyForDeploymentPostprocessing = 0;
		};
		A93922312C4C886E00533969 /* Frameworks */ = {
			isa = PBXFrameworksBuildPhase;
			buildActionMask = 2147483647;
			files = (
			);
			runOnlyForDeploymentPostprocessing = 0;
		};
		A939223B2C4C886E00533969 /* Frameworks */ = {
			isa = PBXFrameworksBuildPhase;
			buildActionMask = 2147483647;
			files = (
			);
			runOnlyForDeploymentPostprocessing = 0;
		};
/* End PBXFrameworksBuildPhase section */

/* Begin PBXGroup section */
		A93922162C4C886D00533969 = {
			isa = PBXGroup;
			children = (
				A93922212C4C886D00533969 /* Ejercicio04SwiftUI */,
				A93922372C4C886E00533969 /* Ejercicio04SwiftUITests */,
				A93922412C4C886E00533969 /* Ejercicio04SwiftUIUITests */,
				A93922202C4C886D00533969 /* Products */,
			);
			sourceTree = "<group>";
		};
		A93922202C4C886D00533969 /* Products */ = {
			isa = PBXGroup;
			children = (
				A939221F2C4C886D00533969 /* Ejercicio04SwiftUI.app */,
				A93922342C4C886E00533969 /* Ejercicio04SwiftUITests.xctest */,
				A939223E2C4C886E00533969 /* Ejercicio04SwiftUIUITests.xctest */,
			);
			name = Products;
			sourceTree = "<group>";
		};
		A93922212C4C886D00533969 /* Ejercicio04SwiftUI */ = {
			isa = PBXGroup;
			children = (
				A93922562C4DC05200533969 /* View */,
				A93922522C4C896200533969 /* ViewModel */,
				A93922512C4C894C00533969 /* Data */,
				A93922222C4C886D00533969 /* Ejercicio04SwiftUIApp.swift */,
				A93922262C4C886E00533969 /* Assets.xcassets */,
				A939222B2C4C886E00533969 /* Persistence.swift */,
				A939222D2C4C886E00533969 /* Ejercicio04SwiftUI.xcdatamodeld */,
				A93922282C4C886E00533969 /* Preview Content */,
			);
			path = Ejercicio04SwiftUI;
			sourceTree = "<group>";
		};
		A93922282C4C886E00533969 /* Preview Content */ = {
			isa = PBXGroup;
			children = (
				A93922292C4C886E00533969 /* Preview Assets.xcassets */,
			);
			path = "Preview Content";
			sourceTree = "<group>";
		};
		A93922372C4C886E00533969 /* Ejercicio04SwiftUITests */ = {
			isa = PBXGroup;
			children = (
				A93922382C4C886E00533969 /* Ejercicio04SwiftUITests.swift */,
			);
			path = Ejercicio04SwiftUITests;
			sourceTree = "<group>";
		};
		A93922412C4C886E00533969 /* Ejercicio04SwiftUIUITests */ = {
			isa = PBXGroup;
			children = (
				A93922422C4C886E00533969 /* Ejercicio04SwiftUIUITests.swift */,
				A93922442C4C886E00533969 /* Ejercicio04SwiftUIUITestsLaunchTests.swift */,
			);
			path = Ejercicio04SwiftUIUITests;
			sourceTree = "<group>";
		};
		A93922512C4C894C00533969 /* Data */ = {
			isa = PBXGroup;
			children = (
				A93922542C4C89CA00533969 /* DataManager.swift */,
			);
			name = Data;
			sourceTree = "<group>";
		};
		A93922522C4C896200533969 /* ViewModel */ = {
			isa = PBXGroup;
			children = (
				A939225D2C4DDE6500533969 /* FormViewModel.swift */,
				A939225F2C4E790E00533969 /* ListViewModel.swift */,
			);
			name = ViewModel;
			sourceTree = "<group>";
		};
		A93922562C4DC05200533969 /* View */ = {
			isa = PBXGroup;
			children = (
				A93922572C4DC06100533969 /* ListView.swift */,
				A939225B2C4DCBD400533969 /* FormView.swift */,
				A93922612C4E7DAC00533969 /* DetailView.swift */,
			);
			path = View;
			sourceTree = "<group>";
		};
/* End PBXGroup section */

/* Begin PBXNativeTarget section */
		A939221E2C4C886D00533969 /* Ejercicio04SwiftUI */ = {
			isa = PBXNativeTarget;
			buildConfigurationList = A93922482C4C886E00533969 /* Build configuration list for PBXNativeTarget "Ejercicio04SwiftUI" */;
			buildPhases = (
				A939221B2C4C886D00533969 /* Sources */,
				A939221C2C4C886D00533969 /* Frameworks */,
				A939221D2C4C886D00533969 /* Resources */,
			);
			buildRules = (
			);
			dependencies = (
			);
			name = Ejercicio04SwiftUI;
			productName = Ejercicio04SwiftUI;
			productReference = A939221F2C4C886D00533969 /* Ejercicio04SwiftUI.app */;
			productType = "com.apple.product-type.application";
		};
		A93922332C4C886E00533969 /* Ejercicio04SwiftUITests */ = {
			isa = PBXNativeTarget;
			buildConfigurationList = A939224B2C4C886E00533969 /* Build configuration list for PBXNativeTarget "Ejercicio04SwiftUITests" */;
			buildPhases = (
				A93922302C4C886E00533969 /* Sources */,
				A93922312C4C886E00533969 /* Frameworks */,
				A93922322C4C886E00533969 /* Resources */,
			);
			buildRules = (
			);
			dependencies = (
				A93922362C4C886E00533969 /* PBXTargetDependency */,
			);
			name = Ejercicio04SwiftUITests;
			productName = Ejercicio04SwiftUITests;
			productReference = A93922342C4C886E00533969 /* Ejercicio04SwiftUITests.xctest */;
			productType = "com.apple.product-type.bundle.unit-test";
		};
		A939223D2C4C886E00533969 /* Ejercicio04SwiftUIUITests */ = {
			isa = PBXNativeTarget;
			buildConfigurationList = A939224E2C4C886E00533969 /* Build configuration list for PBXNativeTarget "Ejercicio04SwiftUIUITests" */;
			buildPhases = (
				A939223A2C4C886E00533969 /* Sources */,
				A939223B2C4C886E00533969 /* Frameworks */,
				A939223C2C4C886E00533969 /* Resources */,
			);
			buildRules = (
			);
			dependencies = (
				A93922402C4C886E00533969 /* PBXTargetDependency */,
			);
			name = Ejercicio04SwiftUIUITests;
			productName = Ejercicio04SwiftUIUITests;
			productReference = A939223E2C4C886E00533969 /* Ejercicio04SwiftUIUITests.xctest */;
			productType = "com.apple.product-type.bundle.ui-testing";
		};
/* End PBXNativeTarget section */

/* Begin PBXProject section */
		A93922172C4C886D00533969 /* Project object */ = {
			isa = PBXProject;
			attributes = {
				BuildIndependentTargetsInParallel = 1;
				LastSwiftUpdateCheck = 1540;
				LastUpgradeCheck = 1540;
				TargetAttributes = {
					A939221E2C4C886D00533969 = {
						CreatedOnToolsVersion = 15.4;
					};
					A93922332C4C886E00533969 = {
						CreatedOnToolsVersion = 15.4;
						TestTargetID = A939221E2C4C886D00533969;
					};
					A939223D2C4C886E00533969 = {
						CreatedOnToolsVersion = 15.4;
						TestTargetID = A939221E2C4C886D00533969;
					};
				};
			};
			buildConfigurationList = A939221A2C4C886D00533969 /* Build configuration list for PBXProject "Ejercicio04SwiftUI" */;
			compatibilityVersion = "Xcode 14.0";
			developmentRegion = en;
			hasScannedForEncodings = 0;
			knownRegions = (
				en,
				Base,
			);
			mainGroup = A93922162C4C886D00533969;
			productRefGroup = A93922202C4C886D00533969 /* Products */;
			projectDirPath = "";
			projectRoot = "";
			targets = (
				A939221E2C4C886D00533969 /* Ejercicio04SwiftUI */,
				A93922332C4C886E00533969 /* Ejercicio04SwiftUITests */,
				A939223D2C4C886E00533969 /* Ejercicio04SwiftUIUITests */,
			);
		};
/* End PBXProject section */

/* Begin PBXResourcesBuildPhase section */
		A939221D2C4C886D00533969 /* Resources */ = {
			isa = PBXResourcesBuildPhase;
			buildActionMask = 2147483647;
			files = (
				A939222A2C4C886E00533969 /* Preview Assets.xcassets in Resources */,
				A93922272C4C886E00533969 /* Assets.xcassets in Resources */,
			);
			runOnlyForDeploymentPostprocessing = 0;
		};
		A93922322C4C886E00533969 /* Resources */ = {
			isa = PBXResourcesBuildPhase;
			buildActionMask = 2147483647;
			files = (
			);
			runOnlyForDeploymentPostprocessing = 0;
		};
		A939223C2C4C886E00533969 /* Resources */ = {
			isa = PBXResourcesBuildPhase;
			buildActionMask = 2147483647;
			files = (
			);
			runOnlyForDeploymentPostprocessing = 0;
		};
/* End PBXResourcesBuildPhase section */

/* Begin PBXSourcesBuildPhase section */
		A939221B2C4C886D00533969 /* Sources */ = {
			isa = PBXSourcesBuildPhase;
			buildActionMask = 2147483647;
			files = (
				A939225C2C4DCBD400533969 /* FormView.swift in Sources */,
				A93922622C4E7DAC00533969 /* DetailView.swift in Sources */,
				A939222C2C4C886E00533969 /* Persistence.swift in Sources */,
				A93922552C4C89CA00533969 /* DataManager.swift in Sources */,
				A93922582C4DC06100533969 /* ListView.swift in Sources */,
				A939225E2C4DDE6500533969 /* FormViewModel.swift in Sources */,
				A93922232C4C886D00533969 /* Ejercicio04SwiftUIApp.swift in Sources */,
				A93922602C4E790E00533969 /* ListViewModel.swift in Sources */,
				A939222F2C4C886E00533969 /* Ejercicio04SwiftUI.xcdatamodeld in Sources */,
			);
			runOnlyForDeploymentPostprocessing = 0;
		};
		A93922302C4C886E00533969 /* Sources */ = {
			isa = PBXSourcesBuildPhase;
			buildActionMask = 2147483647;
			files = (
				A93922392C4C886E00533969 /* Ejercicio04SwiftUITests.swift in Sources */,
			);
			runOnlyForDeploymentPostprocessing = 0;
		};
		A939223A2C4C886E00533969 /* Sources */ = {
			isa = PBXSourcesBuildPhase;
			buildActionMask = 2147483647;
			files = (
				A93922452C4C886E00533969 /* Ejercicio04SwiftUIUITestsLaunchTests.swift in Sources */,
				A93922432C4C886E00533969 /* Ejercicio04SwiftUIUITests.swift in Sources */,
			);
			runOnlyForDeploymentPostprocessing = 0;
		};
/* End PBXSourcesBuildPhase section */

/* Begin PBXTargetDependency section */
		A93922362C4C886E00533969 /* PBXTargetDependency */ = {
			isa = PBXTargetDependency;
			target = A939221E2C4C886D00533969 /* Ejercicio04SwiftUI */;
			targetProxy = A93922352C4C886E00533969 /* PBXContainerItemProxy */;
		};
		A93922402C4C886E00533969 /* PBXTargetDependency */ = {
			isa = PBXTargetDependency;
			target = A939221E2C4C886D00533969 /* Ejercicio04SwiftUI */;
			targetProxy = A939223F2C4C886E00533969 /* PBXContainerItemProxy */;
		};
/* End PBXTargetDependency section */

/* Begin XCBuildConfiguration section */
		A93922462C4C886E00533969 /* Debug */ = {
			isa = XCBuildConfiguration;
			buildSettings = {
				ALWAYS_SEARCH_USER_PATHS = NO;
				ASSETCATALOG_COMPILER_GENERATE_SWIFT_ASSET_SYMBOL_EXTENSIONS = YES;
				CLANG_ANALYZER_NONNULL = YES;
				CLANG_ANALYZER_NUMBER_OBJECT_CONVERSION = YES_AGGRESSIVE;
				CLANG_CXX_LANGUAGE_STANDARD = "gnu++20";
				CLANG_ENABLE_MODULES = YES;
				CLANG_ENABLE_OBJC_ARC = YES;
				CLANG_ENABLE_OBJC_WEAK = YES;
				CLANG_WARN_BLOCK_CAPTURE_AUTORELEASING = YES;
				CLANG_WARN_BOOL_CONVERSION = YES;
				CLANG_WARN_COMMA = YES;
				CLANG_WARN_CONSTANT_CONVERSION = YES;
				CLANG_WARN_DEPRECATED_OBJC_IMPLEMENTATIONS = YES;
				CLANG_WARN_DIRECT_OBJC_ISA_USAGE = YES_ERROR;
				CLANG_WARN_DOCUMENTATION_COMMENTS = YES;
				CLANG_WARN_EMPTY_BODY = YES;
				CLANG_WARN_ENUM_CONVERSION = YES;
				CLANG_WARN_INFINITE_RECURSION = YES;
				CLANG_WARN_INT_CONVERSION = YES;
				CLANG_WARN_NON_LITERAL_NULL_CONVERSION = YES;
				CLANG_WARN_OBJC_IMPLICIT_RETAIN_SELF = YES;
				CLANG_WARN_OBJC_LITERAL_CONVERSION = YES;
				CLANG_WARN_OBJC_ROOT_CLASS = YES_ERROR;
				CLANG_WARN_QUOTED_INCLUDE_IN_FRAMEWORK_HEADER = YES;
				CLANG_WARN_RANGE_LOOP_ANALYSIS = YES;
				CLANG_WARN_STRICT_PROTOTYPES = YES;
				CLANG_WARN_SUSPICIOUS_MOVE = YES;
				CLANG_WARN_UNGUARDED_AVAILABILITY = YES_AGGRESSIVE;
				CLANG_WARN_UNREACHABLE_CODE = YES;
				CLANG_WARN__DUPLICATE_METHOD_MATCH = YES;
				COPY_PHASE_STRIP = NO;
				DEBUG_INFORMATION_FORMAT = dwarf;
				ENABLE_STRICT_OBJC_MSGSEND = YES;
				ENABLE_TESTABILITY = YES;
				ENABLE_USER_SCRIPT_SANDBOXING = YES;
				GCC_C_LANGUAGE_STANDARD = gnu17;
				GCC_DYNAMIC_NO_PIC = NO;
				GCC_NO_COMMON_BLOCKS = YES;
				GCC_OPTIMIZATION_LEVEL = 0;
				GCC_PREPROCESSOR_DEFINITIONS = (
					"DEBUG=1",
					"$(inherited)",
				);
				GCC_WARN_64_TO_32_BIT_CONVERSION = YES;
				GCC_WARN_ABOUT_RETURN_TYPE = YES_ERROR;
				GCC_WARN_UNDECLARED_SELECTOR = YES;
				GCC_WARN_UNINITIALIZED_AUTOS = YES_AGGRESSIVE;
				GCC_WARN_UNUSED_FUNCTION = YES;
				GCC_WARN_UNUSED_VARIABLE = YES;
				IPHONEOS_DEPLOYMENT_TARGET = 17.5;
				LOCALIZATION_PREFERS_STRING_CATALOGS = YES;
				MTL_ENABLE_DEBUG_INFO = INCLUDE_SOURCE;
				MTL_FAST_MATH = YES;
				ONLY_ACTIVE_ARCH = YES;
				SDKROOT = iphoneos;
				SWIFT_ACTIVE_COMPILATION_CONDITIONS = "DEBUG $(inherited)";
				SWIFT_OPTIMIZATION_LEVEL = "-Onone";
			};
			name = Debug;
		};
		A93922472C4C886E00533969 /* Release */ = {
			isa = XCBuildConfiguration;
			buildSettings = {
				ALWAYS_SEARCH_USER_PATHS = NO;
				ASSETCATALOG_COMPILER_GENERATE_SWIFT_ASSET_SYMBOL_EXTENSIONS = YES;
				CLANG_ANALYZER_NONNULL = YES;
				CLANG_ANALYZER_NUMBER_OBJECT_CONVERSION = YES_AGGRESSIVE;
				CLANG_CXX_LANGUAGE_STANDARD = "gnu++20";
				CLANG_ENABLE_MODULES = YES;
				CLANG_ENABLE_OBJC_ARC = YES;
				CLANG_ENABLE_OBJC_WEAK = YES;
				CLANG_WARN_BLOCK_CAPTURE_AUTORELEASING = YES;
				CLANG_WARN_BOOL_CONVERSION = YES;
				CLANG_WARN_COMMA = YES;
				CLANG_WARN_CONSTANT_CONVERSION = YES;
				CLANG_WARN_DEPRECATED_OBJC_IMPLEMENTATIONS = YES;
				CLANG_WARN_DIRECT_OBJC_ISA_USAGE = YES_ERROR;
				CLANG_WARN_DOCUMENTATION_COMMENTS = YES;
				CLANG_WARN_EMPTY_BODY = YES;
				CLANG_WARN_ENUM_CONVERSION = YES;
				CLANG_WARN_INFINITE_RECURSION = YES;
				CLANG_WARN_INT_CONVERSION = YES;
				CLANG_WARN_NON_LITERAL_NULL_CONVERSION = YES;
				CLANG_WARN_OBJC_IMPLICIT_RETAIN_SELF = YES;
				CLANG_WARN_OBJC_LITERAL_CONVERSION = YES;
				CLANG_WARN_OBJC_ROOT_CLASS = YES_ERROR;
				CLANG_WARN_QUOTED_INCLUDE_IN_FRAMEWORK_HEADER = YES;
				CLANG_WARN_RANGE_LOOP_ANALYSIS = YES;
				CLANG_WARN_STRICT_PROTOTYPES = YES;
				CLANG_WARN_SUSPICIOUS_MOVE = YES;
				CLANG_WARN_UNGUARDED_AVAILABILITY = YES_AGGRESSIVE;
				CLANG_WARN_UNREACHABLE_CODE = YES;
				CLANG_WARN__DUPLICATE_METHOD_MATCH = YES;
				COPY_PHASE_STRIP = NO;
				DEBUG_INFORMATION_FORMAT = "dwarf-with-dsym";
				ENABLE_NS_ASSERTIONS = NO;
				ENABLE_STRICT_OBJC_MSGSEND = YES;
				ENABLE_USER_SCRIPT_SANDBOXING = YES;
				GCC_C_LANGUAGE_STANDARD = gnu17;
				GCC_NO_COMMON_BLOCKS = YES;
				GCC_WARN_64_TO_32_BIT_CONVERSION = YES;
				GCC_WARN_ABOUT_RETURN_TYPE = YES_ERROR;
				GCC_WARN_UNDECLARED_SELECTOR = YES;
				GCC_WARN_UNINITIALIZED_AUTOS = YES_AGGRESSIVE;
				GCC_WARN_UNUSED_FUNCTION = YES;
				GCC_WARN_UNUSED_VARIABLE = YES;
				IPHONEOS_DEPLOYMENT_TARGET = 17.5;
				LOCALIZATION_PREFERS_STRING_CATALOGS = YES;
				MTL_ENABLE_DEBUG_INFO = NO;
				MTL_FAST_MATH = YES;
				SDKROOT = iphoneos;
				SWIFT_COMPILATION_MODE = wholemodule;
				VALIDATE_PRODUCT = YES;
			};
			name = Release;
		};
		A93922492C4C886E00533969 /* Debug */ = {
			isa = XCBuildConfiguration;
			buildSettings = {
				ASSETCATALOG_COMPILER_APPICON_NAME = AppIcon;
				ASSETCATALOG_COMPILER_GLOBAL_ACCENT_COLOR_NAME = AccentColor;
				CODE_SIGN_STYLE = Automatic;
				CURRENT_PROJECT_VERSION = 1;
				DEVELOPMENT_ASSET_PATHS = "\"Ejercicio04SwiftUI/Preview Content\"";
				ENABLE_PREVIEWS = YES;
				GENERATE_INFOPLIST_FILE = YES;
				INFOPLIST_KEY_UIApplicationSceneManifest_Generation = YES;
				INFOPLIST_KEY_UIApplicationSupportsIndirectInputEvents = YES;
				INFOPLIST_KEY_UILaunchScreen_Generation = YES;
				INFOPLIST_KEY_UISupportedInterfaceOrientations_iPad = "UIInterfaceOrientationPortrait UIInterfaceOrientationPortraitUpsideDown UIInterfaceOrientationLandscapeLeft UIInterfaceOrientationLandscapeRight";
				INFOPLIST_KEY_UISupportedInterfaceOrientations_iPhone = "UIInterfaceOrientationPortrait UIInterfaceOrientationLandscapeLeft UIInterfaceOrientationLandscapeRight";
				LD_RUNPATH_SEARCH_PATHS = (
					"$(inherited)",
					"@executable_path/Frameworks",
				);
				MARKETING_VERSION = 1.0;
				PRODUCT_BUNDLE_IDENTIFIER = Alejandro.Ejercicio04SwiftUI;
				PRODUCT_NAME = "$(TARGET_NAME)";
				SWIFT_EMIT_LOC_STRINGS = YES;
				SWIFT_VERSION = 5.0;
				TARGETED_DEVICE_FAMILY = "1,2";
			};
			name = Debug;
		};
		A939224A2C4C886E00533969 /* Release */ = {
			isa = XCBuildConfiguration;
			buildSettings = {
				ASSETCATALOG_COMPILER_APPICON_NAME = AppIcon;
				ASSETCATALOG_COMPILER_GLOBAL_ACCENT_COLOR_NAME = AccentColor;
				CODE_SIGN_STYLE = Automatic;
				CURRENT_PROJECT_VERSION = 1;
				DEVELOPMENT_ASSET_PATHS = "\"Ejercicio04SwiftUI/Preview Content\"";
				ENABLE_PREVIEWS = YES;
				GENERATE_INFOPLIST_FILE = YES;
				INFOPLIST_KEY_UIApplicationSceneManifest_Generation = YES;
				INFOPLIST_KEY_UIApplicationSupportsIndirectInputEvents = YES;
				INFOPLIST_KEY_UILaunchScreen_Generation = YES;
				INFOPLIST_KEY_UISupportedInterfaceOrientations_iPad = "UIInterfaceOrientationPortrait UIInterfaceOrientationPortraitUpsideDown UIInterfaceOrientationLandscapeLeft UIInterfaceOrientationLandscapeRight";
				INFOPLIST_KEY_UISupportedInterfaceOrientations_iPhone = "UIInterfaceOrientationPortrait UIInterfaceOrientationLandscapeLeft UIInterfaceOrientationLandscapeRight";
				LD_RUNPATH_SEARCH_PATHS = (
					"$(inherited)",
					"@executable_path/Frameworks",
				);
				MARKETING_VERSION = 1.0;
				PRODUCT_BUNDLE_IDENTIFIER = Alejandro.Ejercicio04SwiftUI;
				PRODUCT_NAME = "$(TARGET_NAME)";
				SWIFT_EMIT_LOC_STRINGS = YES;
				SWIFT_VERSION = 5.0;
				TARGETED_DEVICE_FAMILY = "1,2";
			};
			name = Release;
		};
		A939224C2C4C886E00533969 /* Debug */ = {
			isa = XCBuildConfiguration;
			buildSettings = {
				ALWAYS_EMBED_SWIFT_STANDARD_LIBRARIES = YES;
				BUNDLE_LOADER = "$(TEST_HOST)";
				CODE_SIGN_STYLE = Automatic;
				CURRENT_PROJECT_VERSION = 1;
				GENERATE_INFOPLIST_FILE = YES;
				IPHONEOS_DEPLOYMENT_TARGET = 17.5;
				MARKETING_VERSION = 1.0;
				PRODUCT_BUNDLE_IDENTIFIER = Alejandro.Ejercicio04SwiftUITests;
				PRODUCT_NAME = "$(TARGET_NAME)";
				SWIFT_EMIT_LOC_STRINGS = NO;
				SWIFT_VERSION = 5.0;
				TARGETED_DEVICE_FAMILY = "1,2";
				TEST_HOST = "$(BUILT_PRODUCTS_DIR)/Ejercicio04SwiftUI.app/$(BUNDLE_EXECUTABLE_FOLDER_PATH)/Ejercicio04SwiftUI";
			};
			name = Debug;
		};
		A939224D2C4C886E00533969 /* Release */ = {
			isa = XCBuildConfiguration;
			buildSettings = {
				ALWAYS_EMBED_SWIFT_STANDARD_LIBRARIES = YES;
				BUNDLE_LOADER = "$(TEST_HOST)";
				CODE_SIGN_STYLE = Automatic;
				CURRENT_PROJECT_VERSION = 1;
				GENERATE_INFOPLIST_FILE = YES;
				IPHONEOS_DEPLOYMENT_TARGET = 17.5;
				MARKETING_VERSION = 1.0;
				PRODUCT_BUNDLE_IDENTIFIER = Alejandro.Ejercicio04SwiftUITests;
				PRODUCT_NAME = "$(TARGET_NAME)";
				SWIFT_EMIT_LOC_STRINGS = NO;
				SWIFT_VERSION = 5.0;
				TARGETED_DEVICE_FAMILY = "1,2";
				TEST_HOST = "$(BUILT_PRODUCTS_DIR)/Ejercicio04SwiftUI.app/$(BUNDLE_EXECUTABLE_FOLDER_PATH)/Ejercicio04SwiftUI";
			};
			name = Release;
		};
		A939224F2C4C886E00533969 /* Debug */ = {
			isa = XCBuildConfiguration;
			buildSettings = {
				ALWAYS_EMBED_SWIFT_STANDARD_LIBRARIES = YES;
				CODE_SIGN_STYLE = Automatic;
				CURRENT_PROJECT_VERSION = 1;
				GENERATE_INFOPLIST_FILE = YES;
				MARKETING_VERSION = 1.0;
				PRODUCT_BUNDLE_IDENTIFIER = Alejandro.Ejercicio04SwiftUIUITests;
				PRODUCT_NAME = "$(TARGET_NAME)";
				SWIFT_EMIT_LOC_STRINGS = NO;
				SWIFT_VERSION = 5.0;
				TARGETED_DEVICE_FAMILY = "1,2";
				TEST_TARGET_NAME = Ejercicio04SwiftUI;
			};
			name = Debug;
		};
		A93922502C4C886E00533969 /* Release */ = {
			isa = XCBuildConfiguration;
			buildSettings = {
				ALWAYS_EMBED_SWIFT_STANDARD_LIBRARIES = YES;
				CODE_SIGN_STYLE = Automatic;
				CURRENT_PROJECT_VERSION = 1;
				GENERATE_INFOPLIST_FILE = YES;
				MARKETING_VERSION = 1.0;
				PRODUCT_BUNDLE_IDENTIFIER = Alejandro.Ejercicio04SwiftUIUITests;
				PRODUCT_NAME = "$(TARGET_NAME)";
				SWIFT_EMIT_LOC_STRINGS = NO;
				SWIFT_VERSION = 5.0;
				TARGETED_DEVICE_FAMILY = "1,2";
				TEST_TARGET_NAME = Ejercicio04SwiftUI;
			};
			name = Release;
		};
/* End XCBuildConfiguration section */

/* Begin XCConfigurationList section */
		A939221A2C4C886D00533969 /* Build configuration list for PBXProject "Ejercicio04SwiftUI" */ = {
			isa = XCConfigurationList;
			buildConfigurations = (
				A93922462C4C886E00533969 /* Debug */,
				A93922472C4C886E00533969 /* Release */,
			);
			defaultConfigurationIsVisible = 0;
			defaultConfigurationName = Release;
		};
		A93922482C4C886E00533969 /* Build configuration list for PBXNativeTarget "Ejercicio04SwiftUI" */ = {
			isa = XCConfigurationList;
			buildConfigurations = (
				A93922492C4C886E00533969 /* Debug */,
				A939224A2C4C886E00533969 /* Release */,
			);
			defaultConfigurationIsVisible = 0;
			defaultConfigurationName = Release;
		};
		A939224B2C4C886E00533969 /* Build configuration list for PBXNativeTarget "Ejercicio04SwiftUITests" */ = {
			isa = XCConfigurationList;
			buildConfigurations = (
				A939224C2C4C886E00533969 /* Debug */,
				A939224D2C4C886E00533969 /* Release */,
			);
			defaultConfigurationIsVisible = 0;
			defaultConfigurationName = Release;
		};
		A939224E2C4C886E00533969 /* Build configuration list for PBXNativeTarget "Ejercicio04SwiftUIUITests" */ = {
			isa = XCConfigurationList;
			buildConfigurations = (
				A939224F2C4C886E00533969 /* Debug */,
				A93922502C4C886E00533969 /* Release */,
			);
			defaultConfigurationIsVisible = 0;
			defaultConfigurationName = Release;
		};
/* End XCConfigurationList section */

/* Begin XCVersionGroup section */
		A939222D2C4C886E00533969 /* Ejercicio04SwiftUI.xcdatamodeld */ = {
			isa = XCVersionGroup;
			children = (
				A939222E2C4C886E00533969 /* Ejercicio04SwiftUI.xcdatamodel */,
			);
			currentVersion = A939222E2C4C886E00533969 /* Ejercicio04SwiftUI.xcdatamodel */;
			path = Ejercicio04SwiftUI.xcdatamodeld;
			sourceTree = "<group>";
			versionGroupType = wrapper.xcdatamodel;
		};
/* End XCVersionGroup section */
	};
	rootObject = A93922172C4C886D00533969 /* Project object */;
}
